
Microsoft Visual Studio Solution File, Format Version 12.00
# Visual Studio Version 17
VisualStudioVersion = 17.1.32421.90
MinimumVisualStudioVersion = 10.0.40219.1
Project("{FAE04EC0-301F-11D3-BF4B-00C04F79EFBC}") = "CoverletIssue1431", "CoverletIssue1431\CoverletIssue1431.csproj", "{2B0FEAB9-3AF7-428B-9B2F-ADA0B8F14469}"
EndProject
Project("{FAE04EC0-301F-11D3-BF4B-00C04F79EFBC}") = "CoverletIssue1431Tests", "CoverletIssue1431Tests\CoverletIssue1431Tests.csproj", "{352857CF-A369-483C-A579-7139DABA9858}"
EndProject
Global
	GlobalSection(SolutionConfigurationPlatforms) = preSolution
		Debug|Any CPU = Debug|Any CPU
		Release|Any CPU = Release|Any CPU
	EndGlobalSection
	GlobalSection(ProjectConfigurationPlatforms) = postSolution
		{2B0FEAB9-3AF7-428B-9B2F-ADA0B8F14469}.Debug|Any CPU.ActiveCfg = Debug|Any CPU
		{2B0FEAB9-3AF7-428B-9B2F-ADA0B8F14469}.Debug|Any CPU.Build.0 = Debug|Any CPU
		{2B0FEAB9-3AF7-428B-9B2F-ADA0B8F14469}.Release|Any CPU.ActiveCfg = Release|Any CPU
		{2B0FEAB9-3AF7-428B-9B2F-ADA0B8F14469}.Release|Any CPU.Build.0 = Release|Any CPU
		{352857CF-A369-483C-A579-7139DABA9858}.Debug|Any CPU.ActiveCfg = Debug|Any CPU
		{352857CF-A369-483C-A579-7139DABA9858}.Debug|Any CPU.Build.0 = Debug|Any CPU
		{352857CF-A369-483C-A579-7139DABA9858}.Release|Any CPU.ActiveCfg = Release|Any CPU
		{352857CF-A369-483C-A579-7139DABA9858}.Release|Any CPU.Build.0 = Release|Any CPU
	EndGlobalSection
	GlobalSection(SolutionProperties) = preSolution
		HideSolutionNode = FALSE
	EndGlobalSection
	GlobalSection(ExtensibilityGlobals) = postSolution
		SolutionGuid = {F47D3274-A21E-49DB-BA8A-8B5D4AD7F079}
	EndGlobalSection
EndGlobal
